Microsoft Visual Studio Solution File, Format Version 12.00
# Visual Studio Version 17
VisualStudioVersion = 17.5.2.0
MinimumVisualStudioVersion = 10.0.40219.1
Project("{FAE04EC0-301F-11D3-BF4B-00C04F79EFBC}") = "RedisMonitoring", "RedisMonitoring.csproj", "{004831BE-A774-41F7-FB56-A3CAF30F2C7A}"
EndProject
Global
	GlobalSection(SolutionConfigurationPlatforms) = preSolution
		Debug|Any CPU = Debug|Any CPU
		Release|Any CPU = Release|Any CPU
	EndGlobalSection
	GlobalSection(ProjectConfigurationPlatforms) = postSolution
		{004831BE-A774-41F7-FB56-A3CAF30F2C7A}.Debug|Any CPU.ActiveCfg = Debug|Any CPU
		{004831BE-A774-41F7-FB56-A3CAF30F2C7A}.Debug|Any CPU.Build.0 = Debug|Any CPU
		{004831BE-A774-41F7-FB56-A3CAF30F2C7A}.Release|Any CPU.ActiveCfg = Release|Any CPU
		{004831BE-A774-41F7-FB56-A3CAF30F2C7A}.Release|Any CPU.Build.0 = Release|Any CPU
	EndGlobalSection
	GlobalSection(SolutionProperties) = preSolution
		HideSolutionNode = FALSE
	EndGlobalSection
	GlobalSection(ExtensibilityGlobals) = postSolution
		SolutionGuid = {A4622F12-41E0-432F-999E-D5BF2A66E241}
	EndGlobalSection
EndGlobal
